
Microsoft Visual Studio Solution File, Format Version 12.00
# Visual Studio Version 17
VisualStudioVersion = 17.9.34728.123
MinimumVisualStudioVersion = 10.0.40219.1
Project("{FAE04EC0-301F-11D3-BF4B-00C04F79EFBC}") = "VetNet", "VetNet\VetNet.csproj", "{A62A80B6-AC7B-484A-A669-096A7982968A}"
EndProject
Global
	GlobalSection(SolutionConfigurationPlatforms) = preSolution
		Debug|Any CPU = Debug|Any CPU
		Release|Any CPU = Release|Any CPU
	EndGlobalSection
	GlobalSection(ProjectConfigurationPlatforms) = postSolution
		{A62A80B6-AC7B-484A-A669-096A7982968A}.Debug|Any CPU.ActiveCfg = Debug|Any CPU
		{A62A80B6-AC7B-484A-A669-096A7982968A}.Debug|Any CPU.Build.0 = Debug|Any CPU
		{A62A80B6-AC7B-484A-A669-096A7982968A}.Release|Any CPU.ActiveCfg = Release|Any CPU
		{A62A80B6-AC7B-484A-A669-096A7982968A}.Release|Any CPU.Build.0 = Release|Any CPU
	EndGlobalSection
	GlobalSection(SolutionProperties) = preSolution
		HideSolutionNode = FALSE
	EndGlobalSection
	GlobalSection(ExtensibilityGlobals) = postSolution
		SolutionGuid = {24A1E97C-082E-498C-8016-1D50E3BA77A4}
	EndGlobalSection
EndGlobal
